
Microsoft Visual Studio Solution File, Format Version 9.00
# Visual Studio 2005
Project("{FAE04EC0-301F-11D3-BF4B-00C04F79EFBC}") = "WikiAccess", "WikiAccess.csproj", "{84F9D5EB-2975-45E1-A41F-1EC67961F8F2}"
EndProject
Global
	GlobalSection(SolutionConfigurationPlatforms) = preSolution
		Release|Any CPU = Release|Any CPU
	EndGlobalSection
	GlobalSection(ProjectConfigurationPlatforms) = postSolution
		{84F9D5EB-2975-45E1-A41F-1EC67961F8F2}.Release|Any CPU.ActiveCfg = Release|Any CPU
		{84F9D5EB-2975-45E1-A41F-1EC67961F8F2}.Release|Any CPU.Build.0 = Release|Any CPU
	EndGlobalSection
	GlobalSection(SolutionProperties) = preSolution
		HideSolutionNode = FALSE
	EndGlobalSection
EndGlobal
